// !$*UTF8*$!
{
	archiveVersion = 1;
	classes = {
	};
	objectVersion = 48;
	objects = {

/* Begin PBXBuildFile section */
		9628858E1F7A6281002B2A2C /* automat.log in Resources */ = {isa = PBXBuildFile; fileRef = 962885681F7A626B002B2A2C /* automat.log */; };
		9628858F1F7A6281002B2A2C /* automat_0.dae in Resources */ = {isa = PBXBuildFile; fileRef = 962885691F7A626B002B2A2C /* automat_0.dae */; };
		962885901F7A6281002B2A2C /* automat_texture1.jpg in Resources */ = {isa = PBXBuildFile; fileRef = 9628856A1F7A626B002B2A2C /* automat_texture1.jpg */; };
		962885911F7A6281002B2A2C /* BayLaurel_Bark_Diffuse.jpg in Resources */ = {isa = PBXBuildFile; fileRef = 9628856B1F7A626B002B2A2C /* BayLaurel_Bark_Diffuse.jpg */; };
		962885921F7A6281002B2A2C /* BayLaurel_Foliage_Diffuse.png in Resources */ = {isa = PBXBuildFile; fileRef = 9628856C1F7A626B002B2A2C /* BayLaurel_Foliage_Diffuse.png */; };
		962885931F7A6281002B2A2C /* cabinet.jpg in Resources */ = {isa = PBXBuildFile; fileRef = 9628856D1F7A626B002B2A2C /* cabinet.jpg */; };
		962885941F7A6281002B2A2C /* cabinet.log in Resources */ = {isa = PBXBuildFile; fileRef = 9628856E1F7A626B002B2A2C /* cabinet.log */; };
		962885951F7A6281002B2A2C /* cabinet_0.dae in Resources */ = {isa = PBXBuildFile; fileRef = 9628856F1F7A626B002B2A2C /* cabinet_0.dae */; };
		962885961F7A6281002B2A2C /* PalmLily_Bark_Diffuse.jpg in Resources */ = {isa = PBXBuildFile; fileRef = 962885701F7A626B002B2A2C /* PalmLily_Bark_Diffuse.jpg */; };
		962885971F7A6281002B2A2C /* PalmLily_Foliage_Diffuse.png in Resources */ = {isa = PBXBuildFile; fileRef = 962885711F7A626B002B2A2C /* PalmLily_Foliage_Diffuse.png */; };
		962885981F7A6281002B2A2C /* PalmMexicanMature_Bark_Diffuse.jpg in Resources */ = {isa = PBXBuildFile; fileRef = 962885721F7A626B002B2A2C /* PalmMexicanMature_Bark_Diffuse.jpg */; };
		962885991F7A6281002B2A2C /* PalmMexicanMature_Foliage_Diffuse.png in Resources */ = {isa = PBXBuildFile; fileRef = 962885731F7A626B002B2A2C /* PalmMexicanMature_Foliage_Diffuse.png */; };
		9628859A1F7A6281002B2A2C /* PalmParlour_Foliage_Diffuse.png in Resources */ = {isa = PBXBuildFile; fileRef = 962885741F7A626B002B2A2C /* PalmParlour_Foliage_Diffuse.png */; };
		9628859B1F7A6281002B2A2C /* plant1.log in Resources */ = {isa = PBXBuildFile; fileRef = 962885751F7A626B002B2A2C /* plant1.log */; };
		9628859C1F7A6281002B2A2C /* plant1_0.dae in Resources */ = {isa = PBXBuildFile; fileRef = 962885761F7A626B002B2A2C /* plant1_0.dae */; };
		9628859D1F7A6281002B2A2C /* plant2.log in Resources */ = {isa = PBXBuildFile; fileRef = 962885771F7A626B002B2A2C /* plant2.log */; };
		9628859E1F7A6281002B2A2C /* plant2_0.dae in Resources */ = {isa = PBXBuildFile; fileRef = 962885781F7A626B002B2A2C /* plant2_0.dae */; };
		9628859F1F7A6281002B2A2C /* plant3.log in Resources */ = {isa = PBXBuildFile; fileRef = 962885791F7A626B002B2A2C /* plant3.log */; };
		962885A01F7A6281002B2A2C /* plant3_0.dae in Resources */ = {isa = PBXBuildFile; fileRef = 9628857A1F7A626B002B2A2C /* plant3_0.dae */; };
		962885A11F7A6281002B2A2C /* plant4.log in Resources */ = {isa = PBXBuildFile; fileRef = 9628857B1F7A626B002B2A2C /* plant4.log */; };
		962885A21F7A6281002B2A2C /* plant4_0.dae in Resources */ = {isa = PBXBuildFile; fileRef = 9628857C1F7A626B002B2A2C /* plant4_0.dae */; };
		962885A31F7A6281002B2A2C /* table.log in Resources */ = {isa = PBXBuildFile; fileRef = 9628857D1F7A626B002B2A2C /* table.log */; };
		962885A41F7A6281002B2A2C /* table_0.dae in Resources */ = {isa = PBXBuildFile; fileRef = 9628857E1F7A626B002B2A2C /* table_0.dae */; };
		962885A51F7A6281002B2A2C /* whiteboard.log in Resources */ = {isa = PBXBuildFile; fileRef = 9628857F1F7A626B002B2A2C /* whiteboard.log */; };
		962885A61F7A6281002B2A2C /* whiteboard_0.dae in Resources */ = {isa = PBXBuildFile; fileRef = 962885801F7A626B002B2A2C /* whiteboard_0.dae */; };
		962885A71F7A6299002B2A2C /* automat_texture1.jpg in Resources */ = {isa = PBXBuildFile; fileRef = 962885821F7A626B002B2A2C /* automat_texture1.jpg */; };
		962885A81F7A6299002B2A2C /* cabinet.jpg in Resources */ = {isa = PBXBuildFile; fileRef = 962885831F7A626B002B2A2C /* cabinet.jpg */; };
		962885A91F7A6299002B2A2C /* door.jpg in Resources */ = {isa = PBXBuildFile; fileRef = 962885841F7A626B002B2A2C /* door.jpg */; };
		962885AA1F7A6299002B2A2C /* floor_texture.png in Resources */ = {isa = PBXBuildFile; fileRef = 962885851F7A626B002B2A2C /* floor_texture.png */; };
		962885AB1F7A6299002B2A2C /* floor_texture03.png in Resources */ = {isa = PBXBuildFile; fileRef = 962885861F7A626B002B2A2C /* floor_texture03.png */; };
		962885AC1F7A6299002B2A2C /* mokume_d.jpg in Resources */ = {isa = PBXBuildFile; fileRef = 962885871F7A626B002B2A2C /* mokume_d.jpg */; };
		962885AD1F7A6299002B2A2C /* PalmLily_Billboard.png in Resources */ = {isa = PBXBuildFile; fileRef = 962885881F7A626B002B2A2C /* PalmLily_Billboard.png */; };
		962885AE1F7A6299002B2A2C /* PalmMexicanMature_Billboard.png in Resources */ = {isa = PBXBuildFile; fileRef = 962885891F7A626B002B2A2C /* PalmMexicanMature_Billboard.png */; };
		962885AF1F7A6299002B2A2C /* Shiozaki.log in Resources */ = {isa = PBXBuildFile; fileRef = 9628858A1F7A626B002B2A2C /* Shiozaki.log */; };
		962885B01F7A6299002B2A2C /* Shiozaki_0.dae in Resources */ = {isa = PBXBuildFile; fileRef = 9628858B1F7A626B002B2A2C /* Shiozaki_0.dae */; };
		962885B11F7A6299002B2A2C /* TeaServer.png in Resources */ = {isa = PBXBuildFile; fileRef = 9628858C1F7A626B002B2A2C /* TeaServer.png */; };
		962885B21F7A6299002B2A2C /* WaterServer.png in Resources */ = {isa = PBXBuildFile; fileRef = 9628858D1F7A626B002B2A2C /* WaterServer.png */; };
		964A79FA1F595145003F5A5E /* AppDelegate.swift in Sources */ = {isa = PBXBuildFile; fileRef = 964A79F91F595145003F5A5E /* AppDelegate.swift */; };
		964A79FE1F595145003F5A5E /* ViewController.swift in Sources */ = {isa = PBXBuildFile; fileRef = 964A79FD1F595145003F5A5E /* ViewController.swift */; };
		964A7A011F595145003F5A5E /* Main.storyboard in Resources */ = {isa = PBXBuildFile; fileRef = 964A79FF1F595145003F5A5E /* Main.storyboard */; };
		964A7A031F595145003F5A5E /* Assets.xcassets in Resources */ = {isa = PBXBuildFile; fileRef = 964A7A021F595145003F5A5E /* Assets.xcassets */; };
		964A7A061F595145003F5A5E /* LaunchScreen.storyboard in Resources */ = {isa = PBXBuildFile; fileRef = 964A7A041F595145003F5A5E /* LaunchScreen.storyboard */; };
/* End PBXBuildFile section */

/* Begin PBXFileReference section */
		962885681F7A626B002B2A2C /* automat.log */ = {isa = PBXFileReference; lastKnownFileType = text; path = automat.log; sourceTree = "<group>"; };
		962885691F7A626B002B2A2C /* automat_0.dae */ = {isa = PBXFileReference; lastKnownFileType = text.xml.dae; path = automat_0.dae; sourceTree = "<group>"; };
		9628856A1F7A626B002B2A2C /* automat_texture1.jpg */ = {isa = PBXFileReference; lastKnownFileType = image.jpeg; path = automat_texture1.jpg; sourceTree = "<group>"; };
		9628856B1F7A626B002B2A2C /* BayLaurel_Bark_Diffuse.jpg */ = {isa = PBXFileReference; lastKnownFileType = image.jpeg; path = BayLaurel_Bark_Diffuse.jpg; sourceTree = "<group>"; };
		9628856C1F7A626B002B2A2C /* BayLaurel_Foliage_Diffuse.png */ = {isa = PBXFileReference; lastKnownFileType = image.png; path = BayLaurel_Foliage_Diffuse.png; sourceTree = "<group>"; };
		9628856D1F7A626B002B2A2C /* cabinet.jpg */ = {isa = PBXFileReference; lastKnownFileType = image.jpeg; path = cabinet.jpg; sourceTree = "<group>"; };
		9628856E1F7A626B002B2A2C /* cabinet.log */ = {isa = PBXFileReference; lastKnownFileType = text; path = cabinet.log; sourceTree = "<group>"; };
		9628856F1F7A626B002B2A2C /* cabinet_0.dae */ = {isa = PBXFileReference; lastKnownFileType = text.xml.dae; path = cabinet_0.dae; sourceTree = "<group>"; };
		962885701F7A626B002B2A2C /* PalmLily_Bark_Diffuse.jpg */ = {isa = PBXFileReference; lastKnownFileType = image.jpeg; path = PalmLily_Bark_Diffuse.jpg; sourceTree = "<group>"; };
		962885711F7A626B002B2A2C /* PalmLily_Foliage_Diffuse.png */ = {isa = PBXFileReference; lastKnownFileType = image.png; path = PalmLily_Foliage_Diffuse.png; sourceTree = "<group>"; };
		962885721F7A626B002B2A2C /* PalmMexicanMature_Bark_Diffuse.jpg */ = {isa = PBXFileReference; lastKnownFileType = image.jpeg; path = PalmMexicanMature_Bark_Diffuse.jpg; sourceTree = "<group>"; };
		962885731F7A626B002B2A2C /* PalmMexicanMature_Foliage_Diffuse.png */ = {isa = PBXFileReference; lastKnownFileType = image.png; path = PalmMexicanMature_Foliage_Diffuse.png; sourceTree = "<group>"; };
		962885741F7A626B002B2A2C /* PalmParlour_Foliage_Diffuse.png */ = {isa = PBXFileReference; lastKnownFileType = image.png; path = PalmParlour_Foliage_Diffuse.png; sourceTree = "<group>"; };
		962885751F7A626B002B2A2C /* plant1.log */ = {isa = PBXFileReference; lastKnownFileType = text; path = plant1.log; sourceTree = "<group>"; };
		962885761F7A626B002B2A2C /* plant1_0.dae */ = {isa = PBXFileReference; lastKnownFileType = text.xml.dae; path = plant1_0.dae; sourceTree = "<group>"; };
		962885771F7A626B002B2A2C /* plant2.log */ = {isa = PBXFileReference; lastKnownFileType = text; path = plant2.log; sourceTree = "<group>"; };
		962885781F7A626B002B2A2C /* plant2_0.dae */ = {isa = PBXFileReference; lastKnownFileType = text.xml.dae; path = plant2_0.dae; sourceTree = "<group>"; };
		962885791F7A626B002B2A2C /* plant3.log */ = {isa = PBXFileReference; lastKnownFileType = text; path = plant3.log; sourceTree = "<group>"; };
		9628857A1F7A626B002B2A2C /* plant3_0.dae */ = {isa = PBXFileReference; lastKnownFileType = text.xml.dae; path = plant3_0.dae; sourceTree = "<group>"; };
		9628857B1F7A626B002B2A2C /* plant4.log */ = {isa = PBXFileReference; lastKnownFileType = text; path = plant4.log; sourceTree = "<group>"; };
		9628857C1F7A626B002B2A2C /* plant4_0.dae */ = {isa = PBXFileReference; lastKnownFileType = text.xml.dae; path = plant4_0.dae; sourceTree = "<group>"; };
		9628857D1F7A626B002B2A2C /* table.log */ = {isa = PBXFileReference; lastKnownFileType = text; path = table.log; sourceTree = "<group>"; };
		9628857E1F7A626B002B2A2C /* table_0.dae */ = {isa = PBXFileReference; lastKnownFileType = text.xml.dae; path = table_0.dae; sourceTree = "<group>"; };
		9628857F1F7A626B002B2A2C /* whiteboard.log */ = {isa = PBXFileReference; lastKnownFileType = text; path = whiteboard.log; sourceTree = "<group>"; };
		962885801F7A626B002B2A2C /* whiteboard_0.dae */ = {isa = PBXFileReference; lastKnownFileType = text.xml.dae; path = whiteboard_0.dae; sourceTree = "<group>"; };
		962885821F7A626B002B2A2C /* automat_texture1.jpg */ = {isa = PBXFileReference; lastKnownFileType = image.jpeg; path = automat_texture1.jpg; sourceTree = "<group>"; };
		962885831F7A626B002B2A2C /* cabinet.jpg */ = {isa = PBXFileReference; lastKnownFileType = image.jpeg; path = cabinet.jpg; sourceTree = "<group>"; };
		962885841F7A626B002B2A2C /* door.jpg */ = {isa = PBXFileReference; lastKnownFileType = image.jpeg; path = door.jpg; sourceTree = "<group>"; };
		962885851F7A626B002B2A2C /* floor_texture.png */ = {isa = PBXFileReference; lastKnownFileType = image.png; path = floor_texture.png; sourceTree = "<group>"; };
		962885861F7A626B002B2A2C /* floor_texture03.png */ = {isa = PBXFileReference; lastKnownFileType = image.png; path = floor_texture03.png; sourceTree = "<group>"; };
		962885871F7A626B002B2A2C /* mokume_d.jpg */ = {isa = PBXFileReference; lastKnownFileType = image.jpeg; path = mokume_d.jpg; sourceTree = "<group>"; };
		962885881F7A626B002B2A2C /* PalmLily_Billboard.png */ = {isa = PBXFileReference; lastKnownFileType = image.png; path = PalmLily_Billboard.png; sourceTree = "<group>"; };
		962885891F7A626B002B2A2C /* PalmMexicanMature_Billboard.png */ = {isa = PBXFileReference; lastKnownFileType = image.png; path = PalmMexicanMature_Billboard.png; sourceTree = "<group>"; };
		9628858A1F7A626B002B2A2C /* Shiozaki.log */ = {isa = PBXFileReference; lastKnownFileType = text; path = Shiozaki.log; sourceTree = "<group>"; };
		9628858B1F7A626B002B2A2C /* Shiozaki_0.dae */ = {isa = PBXFileReference; lastKnownFileType = text.xml.dae; path = Shiozaki_0.dae; sourceTree = "<group>"; };
		9628858C1F7A626B002B2A2C /* TeaServer.png */ = {isa = PBXFileReference; lastKnownFileType = image.png; path = TeaServer.png; sourceTree = "<group>"; };
		9628858D1F7A626B002B2A2C /* WaterServer.png */ = {isa = PBXFileReference; lastKnownFileType = image.png; path = WaterServer.png; sourceTree = "<group>"; };
		964A79F61F595145003F5A5E /* 3DModel.app */ = {isa = PBXFileReference; explicitFileType = wrapper.application; includeInIndex = 0; path = 3DModel.app; sourceTree = BUILT_PRODUCTS_DIR; };
		964A79F91F595145003F5A5E /* AppDelegate.swift */ = {isa = PBXFileReference; lastKnownFileType = sourcecode.swift; path = AppDelegate.swift; sourceTree = "<group>"; };
		964A79FD1F595145003F5A5E /* ViewController.swift */ = {isa = PBXFileReference; lastKnownFileType = sourcecode.swift; path = ViewController.swift; sourceTree = "<group>"; };
		964A7A001F595145003F5A5E /* Base */ = {isa = PBXFileReference; lastKnownFileType = file.storyboard; name = Base; path = Base.lproj/Main.storyboard; sourceTree = "<group>"; };
		964A7A021F595145003F5A5E /* Assets.xcassets */ = {isa = PBXFileReference; lastKnownFileType = folder.assetcatalog; path = Assets.xcassets; sourceTree = "<group>"; };
		964A7A051F595145003F5A5E /* Base */ = {isa = PBXFileReference; lastKnownFileType = file.storyboard; name = Base; path = Base.lproj/LaunchScreen.storyboard; sourceTree = "<group>"; };
		964A7A071F595145003F5A5E /* Info.plist */ = {isa = PBXFileReference; lastKnownFileType = text.plist.xml; path = Info.plist; sourceTree = "<group>"; };
/* End PBXFileReference section */

/* Begin PBXFrameworksBuildPhase section */
		964A79F31F595145003F5A5E /* Frameworks */ = {
			isa = PBXFrameworksBuildPhase;
			buildActionMask = 2147483647;
			files = (
			);
			runOnlyForDeploymentPostprocessing = 0;
		};
/* End PBXFrameworksBuildPhase section */

/* Begin PBXGroup section */
		962885661F7A626B002B2A2C /* DAE */ = {
			isa = PBXGroup;
			children = (
				962885671F7A626B002B2A2C /* dae_plants */,
				962885811F7A626B002B2A2C /* dae_shiozaki */,
			);
			path = DAE;
			sourceTree = "<group>";
		};
		962885671F7A626B002B2A2C /* dae_plants */ = {
			isa = PBXGroup;
			children = (
				962885681F7A626B002B2A2C /* automat.log */,
				962885691F7A626B002B2A2C /* automat_0.dae */,
				9628856A1F7A626B002B2A2C /* automat_texture1.jpg */,
				9628856B1F7A626B002B2A2C /* BayLaurel_Bark_Diffuse.jpg */,
				9628856C1F7A626B002B2A2C /* BayLaurel_Foliage_Diffuse.png */,
				9628856D1F7A626B002B2A2C /* cabinet.jpg */,
				9628856E1F7A626B002B2A2C /* cabinet.log */,
				9628856F1F7A626B002B2A2C /* cabinet_0.dae */,
				962885701F7A626B002B2A2C /* PalmLily_Bark_Diffuse.jpg */,
				962885711F7A626B002B2A2C /* PalmLily_Foliage_Diffuse.png */,
				962885721F7A626B002B2A2C /* PalmMexicanMature_Bark_Diffuse.jpg */,
				962885731F7A626B002B2A2C /* PalmMexicanMature_Foliage_Diffuse.png */,
				962885741F7A626B002B2A2C /* PalmParlour_Foliage_Diffuse.png */,
				962885751F7A626B002B2A2C /* plant1.log */,
				962885761F7A626B002B2A2C /* plant1_0.dae */,
				962885771F7A626B002B2A2C /* plant2.log */,
				962885781F7A626B002B2A2C /* plant2_0.dae */,
				962885791F7A626B002B2A2C /* plant3.log */,
				9628857A1F7A626B002B2A2C /* plant3_0.dae */,
				9628857B1F7A626B002B2A2C /* plant4.log */,
				9628857C1F7A626B002B2A2C /* plant4_0.dae */,
				9628857D1F7A626B002B2A2C /* table.log */,
				9628857E1F7A626B002B2A2C /* table_0.dae */,
				9628857F1F7A626B002B2A2C /* whiteboard.log */,
				962885801F7A626B002B2A2C /* whiteboard_0.dae */,
			);
			name = dae_plants;
			path = ../../../Desktop/ARKit/DAE/dae_plants;
			sourceTree = "<group>";
		};
		962885811F7A626B002B2A2C /* dae_shiozaki */ = {
			isa = PBXGroup;
			children = (
				962885821F7A626B002B2A2C /* automat_texture1.jpg */,
				962885831F7A626B002B2A2C /* cabinet.jpg */,
				962885841F7A626B002B2A2C /* door.jpg */,
				962885851F7A626B002B2A2C /* floor_texture.png */,
				962885861F7A626B002B2A2C /* floor_texture03.png */,
				962885871F7A626B002B2A2C /* mokume_d.jpg */,
				962885881F7A626B002B2A2C /* PalmLily_Billboard.png */,
				962885891F7A626B002B2A2C /* PalmMexicanMature_Billboard.png */,
				9628858A1F7A626B002B2A2C /* Shiozaki.log */,
				9628858B1F7A626B002B2A2C /* Shiozaki_0.dae */,
				9628858C1F7A626B002B2A2C /* TeaServer.png */,
				9628858D1F7A626B002B2A2C /* WaterServer.png */,
			);
			name = dae_shiozaki;
			path = ../../../Desktop/ARKit/DAE/dae_shiozaki;
			sourceTree = "<group>";
		};
		964A79ED1F595145003F5A5E = {
			isa = PBXGroup;
			children = (
				962885661F7A626B002B2A2C /* DAE */,
				964A79F81F595145003F5A5E /* 3DModel */,
				964A79F71F595145003F5A5E /* Products */,
			);
			sourceTree = "<group>";
		};
		964A79F71F595145003F5A5E /* Products */ = {
			isa = PBXGroup;
			children = (
				964A79F61F595145003F5A5E /* 3DModel.app */,
			);
			name = Products;
			sourceTree = "<group>";
		};
		964A79F81F595145003F5A5E /* 3DModel */ = {
			isa = PBXGroup;
			children = (
				964A79F91F595145003F5A5E /* AppDelegate.swift */,
				964A79FD1F595145003F5A5E /* ViewController.swift */,
				964A79FF1F595145003F5A5E /* Main.storyboard */,
				964A7A021F595145003F5A5E /* Assets.xcassets */,
				964A7A041F595145003F5A5E /* LaunchScreen.storyboard */,
				964A7A071F595145003F5A5E /* Info.plist */,
			);
			path = 3DModel;
			sourceTree = "<group>";
		};
/* End PBXGroup section */

/* Begin PBXNativeTarget section */
		964A79F51F595145003F5A5E /* 3DModel */ = {
			isa = PBXNativeTarget;
			buildConfigurationList = 964A7A0A1F595145003F5A5E /* Build configuration list for PBXNativeTarget "3DModel" */;
			buildPhases = (
				964A79F21F595145003F5A5E /* Sources */,
				964A79F31F595145003F5A5E /* Frameworks */,
				964A79F41F595145003F5A5E /* Resources */,
			);
			buildRules = (
			);
			dependencies = (
			);
			name = 3DModel;
			productName = arApp;
			productReference = 964A79F61F595145003F5A5E /* 3DModel.app */;
			productType = "com.apple.product-type.application";
		};
/* End PBXNativeTarget section */

/* Begin PBXProject section */
		964A79EE1F595145003F5A5E /* Project object */ = {
			isa = PBXProject;
			attributes = {
				LastSwiftUpdateCheck = 0900;
				LastUpgradeCheck = 0900;
				ORGANIZATIONNAME = com.esrij;
				TargetAttributes = {
					964A79F51F595145003F5A5E = {
						CreatedOnToolsVersion = 9.0;
					};
				};
			};
			buildConfigurationList = 964A79F11F595145003F5A5E /* Build configuration list for PBXProject "3DModel" */;
			compatibilityVersion = "Xcode 8.0";
			developmentRegion = en;
			hasScannedForEncodings = 0;
			knownRegions = (
				en,
				Base,
			);
			mainGroup = 964A79ED1F595145003F5A5E;
			productRefGroup = 964A79F71F595145003F5A5E /* Products */;
			projectDirPath = "";
			projectRoot = "";
			targets = (
				964A79F51F595145003F5A5E /* 3DModel */,
			);
		};
/* End PBXProject section */

/* Begin PBXResourcesBuildPhase section */
		964A79F41F595145003F5A5E /* Resources */ = {
			isa = PBXResourcesBuildPhase;
			buildActionMask = 2147483647;
			files = (
				962885A71F7A6299002B2A2C /* automat_texture1.jpg in Resources */,
				962885A81F7A6299002B2A2C /* cabinet.jpg in Resources */,
				962885A91F7A6299002B2A2C /* door.jpg in Resources */,
				962885AA1F7A6299002B2A2C /* floor_texture.png in Resources */,
				962885AB1F7A6299002B2A2C /* floor_texture03.png in Resources */,
				962885AC1F7A6299002B2A2C /* mokume_d.jpg in Resources */,
				962885AD1F7A6299002B2A2C /* PalmLily_Billboard.png in Resources */,
				962885AE1F7A6299002B2A2C /* PalmMexicanMature_Billboard.png in Resources */,
				962885AF1F7A6299002B2A2C /* Shiozaki.log in Resources */,
				962885B01F7A6299002B2A2C /* Shiozaki_0.dae in Resources */,
				962885B11F7A6299002B2A2C /* TeaServer.png in Resources */,
				962885B21F7A6299002B2A2C /* WaterServer.png in Resources */,
				9628858E1F7A6281002B2A2C /* automat.log in Resources */,
				9628858F1F7A6281002B2A2C /* automat_0.dae in Resources */,
				962885901F7A6281002B2A2C /* automat_texture1.jpg in Resources */,
				962885911F7A6281002B2A2C /* BayLaurel_Bark_Diffuse.jpg in Resources */,
				962885921F7A6281002B2A2C /* BayLaurel_Foliage_Diffuse.png in Resources */,
				962885931F7A6281002B2A2C /* cabinet.jpg in Resources */,
				962885941F7A6281002B2A2C /* cabinet.log in Resources */,
				962885951F7A6281002B2A2C /* cabinet_0.dae in Resources */,
				962885961F7A6281002B2A2C /* PalmLily_Bark_Diffuse.jpg in Resources */,
				962885971F7A6281002B2A2C /* PalmLily_Foliage_Diffuse.png in Resources */,
				962885981F7A6281002B2A2C /* PalmMexicanMature_Bark_Diffuse.jpg in Resources */,
				962885991F7A6281002B2A2C /* PalmMexicanMature_Foliage_Diffuse.png in Resources */,
				9628859A1F7A6281002B2A2C /* PalmParlour_Foliage_Diffuse.png in Resources */,
				9628859B1F7A6281002B2A2C /* plant1.log in Resources */,
				9628859C1F7A6281002B2A2C /* plant1_0.dae in Resources */,
				9628859D1F7A6281002B2A2C /* plant2.log in Resources */,
				9628859E1F7A6281002B2A2C /* plant2_0.dae in Resources */,
				9628859F1F7A6281002B2A2C /* plant3.log in Resources */,
				962885A01F7A6281002B2A2C /* plant3_0.dae in Resources */,
				962885A11F7A6281002B2A2C /* plant4.log in Resources */,
				962885A21F7A6281002B2A2C /* plant4_0.dae in Resources */,
				962885A31F7A6281002B2A2C /* table.log in Resources */,
				962885A41F7A6281002B2A2C /* table_0.dae in Resources */,
				962885A51F7A6281002B2A2C /* whiteboard.log in Resources */,
				962885A61F7A6281002B2A2C /* whiteboard_0.dae in Resources */,
				964A7A061F595145003F5A5E /* LaunchScreen.storyboard in Resources */,
				964A7A031F595145003F5A5E /* Assets.xcassets in Resources */,
				964A7A011F595145003F5A5E /* Main.storyboard in Resources */,
			);
			runOnlyForDeploymentPostprocessing = 0;
		};
/* End PBXResourcesBuildPhase section */

/* Begin PBXSourcesBuildPhase section */
		964A79F21F595145003F5A5E /* Sources */ = {
			isa = PBXSourcesBuildPhase;
			buildActionMask = 2147483647;
			files = (
				964A79FE1F595145003F5A5E /* ViewController.swift in Sources */,
				964A79FA1F595145003F5A5E /* AppDelegate.swift in Sources */,
			);
			runOnlyForDeploymentPostprocessing = 0;
		};
/* End PBXSourcesBuildPhase section */

/* Begin PBXVariantGroup section */
		964A79FF1F595145003F5A5E /* Main.storyboard */ = {
			isa = PBXVariantGroup;
			children = (
				964A7A001F595145003F5A5E /* Base */,
			);
			name = Main.storyboard;
			sourceTree = "<group>";
		};
		964A7A041F595145003F5A5E /* LaunchScreen.storyboard */ = {
			isa = PBXVariantGroup;
			children = (
				964A7A051F595145003F5A5E /* Base */,
			);
			name = LaunchScreen.storyboard;
			sourceTree = "<group>";
		};
/* End PBXVariantGroup section */

/* Begin XCBuildConfiguration section */
		964A7A081F595145003F5A5E /* Debug */ = {
			isa = XCBuildConfiguration;
			buildSettings = {
				ALWAYS_SEARCH_USER_PATHS = NO;
				CLANG_ANALYZER_NONNULL = YES;
				CLANG_ANALYZER_NUMBER_OBJECT_CONVERSION = YES_AGGRESSIVE;
				CLANG_CXX_LANGUAGE_STANDARD = "gnu++14";
				CLANG_CXX_LIBRARY = "libc++";
				CLANG_ENABLE_MODULES = YES;
				CLANG_ENABLE_OBJC_ARC = YES;
				CLANG_WARN_BLOCK_CAPTURE_AUTORELEASING = YES;
				CLANG_WARN_BOOL_CONVERSION = YES;
				CLANG_WARN_COMMA = YES;
				CLANG_WARN_CONSTANT_CONVERSION = YES;
				CLANG_WARN_DIRECT_OBJC_ISA_USAGE = YES_ERROR;
				CLANG_WARN_DOCUMENTATION_COMMENTS = YES;
				CLANG_WARN_EMPTY_BODY = YES;
				CLANG_WARN_ENUM_CONVERSION = YES;
				CLANG_WARN_INFINITE_RECURSION = YES;
				CLANG_WARN_INT_CONVERSION = YES;
				CLANG_WARN_NON_LITERAL_NULL_CONVERSION = YES;
				CLANG_WARN_OBJC_LITERAL_CONVERSION = YES;
				CLANG_WARN_OBJC_ROOT_CLASS = YES_ERROR;
				CLANG_WARN_RANGE_LOOP_ANALYSIS = YES;
				CLANG_WARN_STRICT_PROTOTYPES = YES;
				CLANG_WARN_SUSPICIOUS_MOVE = YES;
				CLANG_WARN_UNGUARDED_AVAILABILITY = YES_AGGRESSIVE;
				CLANG_WARN_UNREACHABLE_CODE = YES;
				CLANG_WARN__DUPLICATE_METHOD_MATCH = YES;
				CODE_SIGN_IDENTITY = "iPhone Developer";
				COPY_PHASE_STRIP = NO;
				DEBUG_INFORMATION_FORMAT = dwarf;
				ENABLE_STRICT_OBJC_MSGSEND = YES;
				ENABLE_TESTABILITY = YES;
				GCC_C_LANGUAGE_STANDARD = gnu11;
				GCC_DYNAMIC_NO_PIC = NO;
				GCC_NO_COMMON_BLOCKS = YES;
				GCC_OPTIMIZATION_LEVEL = 0;
				GCC_PREPROCESSOR_DEFINITIONS = (
					"DEBUG=1",
					"$(inherited)",
				);
				GCC_WARN_64_TO_32_BIT_CONVERSION = YES;
				GCC_WARN_ABOUT_RETURN_TYPE = YES_ERROR;
				GCC_WARN_UNDECLARED_SELECTOR = YES;
				GCC_WARN_UNINITIALIZED_AUTOS = YES_AGGRESSIVE;
				GCC_WARN_UNUSED_FUNCTION = YES;
				GCC_WARN_UNUSED_VARIABLE = YES;
				IPHONEOS_DEPLOYMENT_TARGET = 11.0;
				MTL_ENABLE_DEBUG_INFO = YES;
				ONLY_ACTIVE_ARCH = YES;
				SDKROOT = iphoneos;
				SWIFT_ACTIVE_COMPILATION_CONDITIONS = DEBUG;
				SWIFT_OPTIMIZATION_LEVEL = "-Onone";
			};
			name = Debug;
		};
		964A7A091F595145003F5A5E /* Release */ = {
			isa = XCBuildConfiguration;
			buildSettings = {
				ALWAYS_SEARCH_USER_PATHS = NO;
				CLANG_ANALYZER_NONNULL = YES;
				CLANG_ANALYZER_NUMBER_OBJECT_CONVERSION = YES_AGGRESSIVE;
				CLANG_CXX_LANGUAGE_STANDARD = "gnu++14";
				CLANG_CXX_LIBRARY = "libc++";
				CLANG_ENABLE_MODULES = YES;
				CLANG_ENABLE_OBJC_ARC = YES;
				CLANG_WARN_BLOCK_CAPTURE_AUTORELEASING = YES;
				CLANG_WARN_BOOL_CONVERSION = YES;
				CLANG_WARN_COMMA = YES;
				CLANG_WARN_CONSTANT_CONVERSION = YES;
				CLANG_WARN_DIRECT_OBJC_ISA_USAGE = YES_ERROR;
				CLANG_WARN_DOCUMENTATION_COMMENTS = YES;
				CLANG_WARN_EMPTY_BODY = YES;
				CLANG_WARN_ENUM_CONVERSION = YES;
				CLANG_WARN_INFINITE_RECURSION = YES;
				CLANG_WARN_INT_CONVERSION = YES;
				CLANG_WARN_NON_LITERAL_NULL_CONVERSION = YES;
				CLANG_WARN_OBJC_LITERAL_CONVERSION = YES;
				CLANG_WARN_OBJC_ROOT_CLASS = YES_ERROR;
				CLANG_WARN_RANGE_LOOP_ANALYSIS = YES;
				CLANG_WARN_STRICT_PROTOTYPES = YES;
				CLANG_WARN_SUSPICIOUS_MOVE = YES;
				CLANG_WARN_UNGUARDED_AVAILABILITY = YES_AGGRESSIVE;
				CLANG_WARN_UNREACHABLE_CODE = YES;
				CLANG_WARN__DUPLICATE_METHOD_MATCH = YES;
				CODE_SIGN_IDENTITY = "iPhone Developer";
				COPY_PHASE_STRIP = NO;
				DEBUG_INFORMATION_FORMAT = "dwarf-with-dsym";
				ENABLE_NS_ASSERTIONS = NO;
				ENABLE_STRICT_OBJC_MSGSEND = YES;
				GCC_C_LANGUAGE_STANDARD = gnu11;
				GCC_NO_COMMON_BLOCKS = YES;
				GCC_WARN_64_TO_32_BIT_CONVERSION = YES;
				GCC_WARN_ABOUT_RETURN_TYPE = YES_ERROR;
				GCC_WARN_UNDECLARED_SELECTOR = YES;
				GCC_WARN_UNINITIALIZED_AUTOS = YES_AGGRESSIVE;
				GCC_WARN_UNUSED_FUNCTION = YES;
				GCC_WARN_UNUSED_VARIABLE = YES;
				IPHONEOS_DEPLOYMENT_TARGET = 11.0;
				MTL_ENABLE_DEBUG_INFO = NO;
				SDKROOT = iphoneos;
				SWIFT_OPTIMIZATION_LEVEL = "-Owholemodule";
				VALIDATE_PRODUCT = YES;
			};
			name = Release;
		};
		964A7A0B1F595145003F5A5E /* Debug */ = {
			isa = XCBuildConfiguration;
			buildSettings = {
				ASSETCATALOG_COMPILER_APPICON_NAME = AppIcon;
				DEVELOPMENT_TEAM = 8R3S2LHFP7;
				INFOPLIST_FILE = 3DModel/Info.plist;
				LD_RUNPATH_SEARCH_PATHS = "$(inherited) @executable_path/Frameworks";
				PRODUCT_BUNDLE_IDENTIFIER = com.esrij.3DModel;
				PRODUCT_NAME = "$(TARGET_NAME)";
				SWIFT_VERSION = 4.0;
				TARGETED_DEVICE_FAMILY = "1,2";
			};
			name = Debug;
		};
		964A7A0C1F595145003F5A5E /* Release */ = {
			isa = XCBuildConfiguration;
			buildSettings = {
				ASSETCATALOG_COMPILER_APPICON_NAME = AppIcon;
				DEVELOPMENT_TEAM = 8R3S2LHFP7;
				INFOPLIST_FILE = 3DModel/Info.plist;
				LD_RUNPATH_SEARCH_PATHS = "$(inherited) @executable_path/Frameworks";
				PRODUCT_BUNDLE_IDENTIFIER = com.esrij.3DModel;
				PRODUCT_NAME = "$(TARGET_NAME)";
				SWIFT_VERSION = 4.0;
				TARGETED_DEVICE_FAMILY = "1,2";
			};
			name = Release;
		};
/* End XCBuildConfiguration section */

/* Begin XCConfigurationList section */
		964A79F11F595145003F5A5E /* Build configuration list for PBXProject "3DModel" */ = {
			isa = XCConfigurationList;
			buildConfigurations = (
				964A7A081F595145003F5A5E /* Debug */,
				964A7A091F595145003F5A5E /* Release */,
			);
			defaultConfigurationIsVisible = 0;
			defaultConfigurationName = Release;
		};
		964A7A0A1F595145003F5A5E /* Build configuration list for PBXNativeTarget "3DModel" */ = {
			isa = XCConfigurationList;
			buildConfigurations = (
				964A7A0B1F595145003F5A5E /* Debug */,
				964A7A0C1F595145003F5A5E /* Release */,
			);
			defaultConfigurationIsVisible = 0;
			defaultConfigurationName = Release;
		};
/* End XCConfigurationList section */
	};
	rootObject = 964A79EE1F595145003F5A5E /* Project object */;
}
