// !$*UTF8*$!
{
	archiveVersion = 1;
	classes = {
	};
	objectVersion = 48;
	objects = {

/* Begin PBXBuildFile section */
		964A79FA1F595145003F5A5E /* AppDelegate.swift in Sources */ = {isa = PBXBuildFile; fileRef = 964A79F91F595145003F5A5E /* AppDelegate.swift */; };
		964A79FE1F595145003F5A5E /* ViewController.swift in Sources */ = {isa = PBXBuildFile; fileRef = 964A79FD1F595145003F5A5E /* ViewController.swift */; };
		964A7A011F595145003F5A5E /* Main.storyboard in Resources */ = {isa = PBXBuildFile; fileRef = 964A79FF1F595145003F5A5E /* Main.storyboard */; };
		964A7A031F595145003F5A5E /* Assets.xcassets in Resources */ = {isa = PBXBuildFile; fileRef = 964A7A021F595145003F5A5E /* Assets.xcassets */; };
		964A7A061F595145003F5A5E /* LaunchScreen.storyboard in Resources */ = {isa = PBXBuildFile; fileRef = 964A7A041F595145003F5A5E /* LaunchScreen.storyboard */; };
		966A6CE01F8F6BEA006A521A /* building.dae in Resources */ = {isa = PBXBuildFile; fileRef = 966A6CCA1F8F6A18006A521A /* building.dae */; };
		966A6CE11F8F6BEA006A521A /* flatRoof_18.jpg in Resources */ = {isa = PBXBuildFile; fileRef = 966A6CCB1F8F6A18006A521A /* flatRoof_18.jpg */; };
		966A6CE21F8F6BEA006A521A /* g_f001_t004_Educational_001.jpg in Resources */ = {isa = PBXBuildFile; fileRef = 966A6CCC1F8F6A18006A521A /* g_f001_t004_Educational_001.jpg */; };
		966A6CE31F8F6BEA006A521A /* u_f042_t006_Residential_000.jpg in Resources */ = {isa = PBXBuildFile; fileRef = 966A6CCD1F8F6A18006A521A /* u_f042_t006_Residential_000.jpg */; };
		96FE84CA1F906DEB00BB0087 /* BayLaurel_Foliage_Diffuse.png in Resources */ = {isa = PBXBuildFile; fileRef = 96FE84C21F906DBA00BB0087 /* BayLaurel_Foliage_Diffuse.png */; };
		96FE84CB1F906DEB00BB0087 /* PalmParlour_Foliage_Diffuse.png in Resources */ = {isa = PBXBuildFile; fileRef = 96FE84C31F906DBA00BB0087 /* PalmParlour_Foliage_Diffuse.png */; };
		96FE84CC1F906DEB00BB0087 /* PalmMexicanMature_Bark_Diffuse.jpg in Resources */ = {isa = PBXBuildFile; fileRef = 96FE84C41F906DBA00BB0087 /* PalmMexicanMature_Bark_Diffuse.jpg */; };
		96FE84CD1F906DEB00BB0087 /* BayLaurel_Bark_Diffuse.jpg in Resources */ = {isa = PBXBuildFile; fileRef = 96FE84C51F906DBA00BB0087 /* BayLaurel_Bark_Diffuse.jpg */; };
		96FE84CE1F906DEB00BB0087 /* PalmLily_Bark_Diffuse.jpg in Resources */ = {isa = PBXBuildFile; fileRef = 96FE84C61F906DBA00BB0087 /* PalmLily_Bark_Diffuse.jpg */; };
		96FE84CF1F906DEB00BB0087 /* PalmMexicanMature_Foliage_Diffuse.png in Resources */ = {isa = PBXBuildFile; fileRef = 96FE84C71F906DBA00BB0087 /* PalmMexicanMature_Foliage_Diffuse.png */; };
		96FE84D01F906DEB00BB0087 /* plant.dae in Resources */ = {isa = PBXBuildFile; fileRef = 96FE84C81F906DBA00BB0087 /* plant.dae */; };
		96FE84D11F906DEB00BB0087 /* PalmLily_Foliage_Diffuse.png in Resources */ = {isa = PBXBuildFile; fileRef = 96FE84C91F906DBA00BB0087 /* PalmLily_Foliage_Diffuse.png */; };
		96FE84D21F906DF100BB0087 /* ground_facade_simple01.png in Resources */ = {isa = PBXBuildFile; fileRef = 96FE84B41F906DBA00BB0087 /* ground_facade_simple01.png */; };
		96FE84D31F906DF100BB0087 /* ground_facade_simple02.png in Resources */ = {isa = PBXBuildFile; fileRef = 96FE84B51F906DBA00BB0087 /* ground_facade_simple02.png */; };
		96FE84D41F906DF100BB0087 /* ground_facade_simple03.png in Resources */ = {isa = PBXBuildFile; fileRef = 96FE84B61F906DBA00BB0087 /* ground_facade_simple03.png */; };
		96FE84D51F906DF100BB0087 /* NameSign.png in Resources */ = {isa = PBXBuildFile; fileRef = 96FE84B71F906DBA00BB0087 /* NameSign.png */; };
		96FE84D61F906DF100BB0087 /* koike.png in Resources */ = {isa = PBXBuildFile; fileRef = 96FE84B81F906DBA00BB0087 /* koike.png */; };
		96FE84D71F906DF100BB0087 /* town.dae in Resources */ = {isa = PBXBuildFile; fileRef = 96FE84B91F906DBA00BB0087 /* town.dae */; };
		96FE84D81F906DF100BB0087 /* TokyoMetroLogo.png in Resources */ = {isa = PBXBuildFile; fileRef = 96FE84BA1F906DBA00BB0087 /* TokyoMetroLogo.png */; };
		96FE84D91F906DF100BB0087 /* texture.jpg in Resources */ = {isa = PBXBuildFile; fileRef = 96FE84BB1F906DBA00BB0087 /* texture.jpg */; };
		96FE84DA1F906DF100BB0087 /* facade_simple01.png in Resources */ = {isa = PBXBuildFile; fileRef = 96FE84BC1F906DBA00BB0087 /* facade_simple01.png */; };
		96FE84DB1F906DF100BB0087 /* WC.png in Resources */ = {isa = PBXBuildFile; fileRef = 96FE84BD1F906DBA00BB0087 /* WC.png */; };
		96FE84DC1F906DF100BB0087 /* facade_simple02.png in Resources */ = {isa = PBXBuildFile; fileRef = 96FE84BE1F906DBA00BB0087 /* facade_simple02.png */; };
		96FE84DD1F906DF100BB0087 /* facade_simple03.png in Resources */ = {isa = PBXBuildFile; fileRef = 96FE84BF1F906DBA00BB0087 /* facade_simple03.png */; };
		96FE84DE1F906DF100BB0087 /* facade_simple04.png in Resources */ = {isa = PBXBuildFile; fileRef = 96FE84C01F906DBA00BB0087 /* facade_simple04.png */; };
/* End PBXBuildFile section */

/* Begin PBXFileReference section */
		964A79F61F595145003F5A5E /* 3DModel.app */ = {isa = PBXFileReference; explicitFileType = wrapper.application; includeInIndex = 0; path = 3DModel.app; sourceTree = BUILT_PRODUCTS_DIR; };
		964A79F91F595145003F5A5E /* AppDelegate.swift */ = {isa = PBXFileReference; lastKnownFileType = sourcecode.swift; path = AppDelegate.swift; sourceTree = "<group>"; };
		964A79FD1F595145003F5A5E /* ViewController.swift */ = {isa = PBXFileReference; lastKnownFileType = sourcecode.swift; path = ViewController.swift; sourceTree = "<group>"; };
		964A7A001F595145003F5A5E /* Base */ = {isa = PBXFileReference; lastKnownFileType = file.storyboard; name = Base; path = Base.lproj/Main.storyboard; sourceTree = "<group>"; };
		964A7A021F595145003F5A5E /* Assets.xcassets */ = {isa = PBXFileReference; lastKnownFileType = folder.assetcatalog; path = Assets.xcassets; sourceTree = "<group>"; };
		964A7A051F595145003F5A5E /* Base */ = {isa = PBXFileReference; lastKnownFileType = file.storyboard; name = Base; path = Base.lproj/LaunchScreen.storyboard; sourceTree = "<group>"; };
		964A7A071F595145003F5A5E /* Info.plist */ = {isa = PBXFileReference; lastKnownFileType = text.plist.xml; path = Info.plist; sourceTree = "<group>"; };
		966A6CCA1F8F6A18006A521A /* building.dae */ = {isa = PBXFileReference; lastKnownFileType = text.xml.dae; path = building.dae; sourceTree = "<group>"; };
		966A6CCB1F8F6A18006A521A /* flatRoof_18.jpg */ = {isa = PBXFileReference; lastKnownFileType = image.jpeg; path = flatRoof_18.jpg; sourceTree = "<group>"; };
		966A6CCC1F8F6A18006A521A /* g_f001_t004_Educational_001.jpg */ = {isa = PBXFileReference; lastKnownFileType = image.jpeg; path = g_f001_t004_Educational_001.jpg; sourceTree = "<group>"; };
		966A6CCD1F8F6A18006A521A /* u_f042_t006_Residential_000.jpg */ = {isa = PBXFileReference; lastKnownFileType = image.jpeg; path = u_f042_t006_Residential_000.jpg; sourceTree = "<group>"; };
		96FE84B41F906DBA00BB0087 /* ground_facade_simple01.png */ = {isa = PBXFileReference; lastKnownFileType = image.png; path = ground_facade_simple01.png; sourceTree = "<group>"; };
		96FE84B51F906DBA00BB0087 /* ground_facade_simple02.png */ = {isa = PBXFileReference; lastKnownFileType = image.png; path = ground_facade_simple02.png; sourceTree = "<group>"; };
		96FE84B61F906DBA00BB0087 /* ground_facade_simple03.png */ = {isa = PBXFileReference; lastKnownFileType = image.png; path = ground_facade_simple03.png; sourceTree = "<group>"; };
		96FE84B71F906DBA00BB0087 /* NameSign.png */ = {isa = PBXFileReference; lastKnownFileType = image.png; path = NameSign.png; sourceTree = "<group>"; };
		96FE84B81F906DBA00BB0087 /* koike.png */ = {isa = PBXFileReference; lastKnownFileType = image.png; path = koike.png; sourceTree = "<group>"; };
		96FE84B91F906DBA00BB0087 /* town.dae */ = {isa = PBXFileReference; lastKnownFileType = text.xml.dae; path = town.dae; sourceTree = "<group>"; };
		96FE84BA1F906DBA00BB0087 /* TokyoMetroLogo.png */ = {isa = PBXFileReference; lastKnownFileType = image.png; path = TokyoMetroLogo.png; sourceTree = "<group>"; };
		96FE84BB1F906DBA00BB0087 /* texture.jpg */ = {isa = PBXFileReference; lastKnownFileType = image.jpeg; path = texture.jpg; sourceTree = "<group>"; };
		96FE84BC1F906DBA00BB0087 /* facade_simple01.png */ = {isa = PBXFileReference; lastKnownFileType = image.png; path = facade_simple01.png; sourceTree = "<group>"; };
		96FE84BD1F906DBA00BB0087 /* WC.png */ = {isa = PBXFileReference; lastKnownFileType = image.png; path = WC.png; sourceTree = "<group>"; };
		96FE84BE1F906DBA00BB0087 /* facade_simple02.png */ = {isa = PBXFileReference; lastKnownFileType = image.png; path = facade_simple02.png; sourceTree = "<group>"; };
		96FE84BF1F906DBA00BB0087 /* facade_simple03.png */ = {isa = PBXFileReference; lastKnownFileType = image.png; path = facade_simple03.png; sourceTree = "<group>"; };
		96FE84C01F906DBA00BB0087 /* facade_simple04.png */ = {isa = PBXFileReference; lastKnownFileType = image.png; path = facade_simple04.png; sourceTree = "<group>"; };
		96FE84C21F906DBA00BB0087 /* BayLaurel_Foliage_Diffuse.png */ = {isa = PBXFileReference; lastKnownFileType = image.png; path = BayLaurel_Foliage_Diffuse.png; sourceTree = "<group>"; };
		96FE84C31F906DBA00BB0087 /* PalmParlour_Foliage_Diffuse.png */ = {isa = PBXFileReference; lastKnownFileType = image.png; path = PalmParlour_Foliage_Diffuse.png; sourceTree = "<group>"; };
		96FE84C41F906DBA00BB0087 /* PalmMexicanMature_Bark_Diffuse.jpg */ = {isa = PBXFileReference; lastKnownFileType = image.jpeg; path = PalmMexicanMature_Bark_Diffuse.jpg; sourceTree = "<group>"; };
		96FE84C51F906DBA00BB0087 /* BayLaurel_Bark_Diffuse.jpg */ = {isa = PBXFileReference; lastKnownFileType = image.jpeg; path = BayLaurel_Bark_Diffuse.jpg; sourceTree = "<group>"; };
		96FE84C61F906DBA00BB0087 /* PalmLily_Bark_Diffuse.jpg */ = {isa = PBXFileReference; lastKnownFileType = image.jpeg; path = PalmLily_Bark_Diffuse.jpg; sourceTree = "<group>"; };
		96FE84C71F906DBA00BB0087 /* PalmMexicanMature_Foliage_Diffuse.png */ = {isa = PBXFileReference; lastKnownFileType = image.png; path = PalmMexicanMature_Foliage_Diffuse.png; sourceTree = "<group>"; };
		96FE84C81F906DBA00BB0087 /* plant.dae */ = {isa = PBXFileReference; lastKnownFileType = text.xml.dae; path = plant.dae; sourceTree = "<group>"; };
		96FE84C91F906DBA00BB0087 /* PalmLily_Foliage_Diffuse.png */ = {isa = PBXFileReference; lastKnownFileType = image.png; path = PalmLily_Foliage_Diffuse.png; sourceTree = "<group>"; };
/* End PBXFileReference section */

/* Begin PBXFrameworksBuildPhase section */
		964A79F31F595145003F5A5E /* Frameworks */ = {
			isa = PBXFrameworksBuildPhase;
			buildActionMask = 2147483647;
			files = (
			);
			runOnlyForDeploymentPostprocessing = 0;
		};
/* End PBXFrameworksBuildPhase section */

/* Begin PBXGroup section */
		964A79ED1F595145003F5A5E = {
			isa = PBXGroup;
			children = (
				966A6CBF1F8F6A18006A521A /* dae */,
				964A79F81F595145003F5A5E /* 3DModel */,
				964A79F71F595145003F5A5E /* Products */,
			);
			sourceTree = "<group>";
		};
		964A79F71F595145003F5A5E /* Products */ = {
			isa = PBXGroup;
			children = (
				964A79F61F595145003F5A5E /* 3DModel.app */,
			);
			name = Products;
			sourceTree = "<group>";
		};
		964A79F81F595145003F5A5E /* 3DModel */ = {
			isa = PBXGroup;
			children = (
				964A79F91F595145003F5A5E /* AppDelegate.swift */,
				964A79FD1F595145003F5A5E /* ViewController.swift */,
				964A79FF1F595145003F5A5E /* Main.storyboard */,
				964A7A021F595145003F5A5E /* Assets.xcassets */,
				964A7A041F595145003F5A5E /* LaunchScreen.storyboard */,
				964A7A071F595145003F5A5E /* Info.plist */,
			);
			path = 3DModel;
			sourceTree = "<group>";
		};
		966A6CBF1F8F6A18006A521A /* dae */ = {
			isa = PBXGroup;
			children = (
				96FE84C11F906DBA00BB0087 /* plant */,
				96FE84B31F906DBA00BB0087 /* town */,
				966A6CC91F8F6A18006A521A /* building */,
			);
			path = dae;
			sourceTree = "<group>";
		};
		966A6CC91F8F6A18006A521A /* building */ = {
			isa = PBXGroup;
			children = (
				966A6CCA1F8F6A18006A521A /* building.dae */,
				966A6CCB1F8F6A18006A521A /* flatRoof_18.jpg */,
				966A6CCC1F8F6A18006A521A /* g_f001_t004_Educational_001.jpg */,
				966A6CCD1F8F6A18006A521A /* u_f042_t006_Residential_000.jpg */,
			);
			path = building;
			sourceTree = "<group>";
		};
		96FE84B31F906DBA00BB0087 /* town */ = {
			isa = PBXGroup;
			children = (
				96FE84B41F906DBA00BB0087 /* ground_facade_simple01.png */,
				96FE84B51F906DBA00BB0087 /* ground_facade_simple02.png */,
				96FE84B61F906DBA00BB0087 /* ground_facade_simple03.png */,
				96FE84B71F906DBA00BB0087 /* NameSign.png */,
				96FE84B81F906DBA00BB0087 /* koike.png */,
				96FE84B91F906DBA00BB0087 /* town.dae */,
				96FE84BA1F906DBA00BB0087 /* TokyoMetroLogo.png */,
				96FE84BB1F906DBA00BB0087 /* texture.jpg */,
				96FE84BC1F906DBA00BB0087 /* facade_simple01.png */,
				96FE84BD1F906DBA00BB0087 /* WC.png */,
				96FE84BE1F906DBA00BB0087 /* facade_simple02.png */,
				96FE84BF1F906DBA00BB0087 /* facade_simple03.png */,
				96FE84C01F906DBA00BB0087 /* facade_simple04.png */,
			);
			path = town;
			sourceTree = "<group>";
		};
		96FE84C11F906DBA00BB0087 /* plant */ = {
			isa = PBXGroup;
			children = (
				96FE84C21F906DBA00BB0087 /* BayLaurel_Foliage_Diffuse.png */,
				96FE84C31F906DBA00BB0087 /* PalmParlour_Foliage_Diffuse.png */,
				96FE84C41F906DBA00BB0087 /* PalmMexicanMature_Bark_Diffuse.jpg */,
				96FE84C51F906DBA00BB0087 /* BayLaurel_Bark_Diffuse.jpg */,
				96FE84C61F906DBA00BB0087 /* PalmLily_Bark_Diffuse.jpg */,
				96FE84C71F906DBA00BB0087 /* PalmMexicanMature_Foliage_Diffuse.png */,
				96FE84C81F906DBA00BB0087 /* plant.dae */,
				96FE84C91F906DBA00BB0087 /* PalmLily_Foliage_Diffuse.png */,
			);
			path = plant;
			sourceTree = "<group>";
		};
/* End PBXGroup section */

/* Begin PBXNativeTarget section */
		964A79F51F595145003F5A5E /* 3DModel */ = {
			isa = PBXNativeTarget;
			buildConfigurationList = 964A7A0A1F595145003F5A5E /* Build configuration list for PBXNativeTarget "3DModel" */;
			buildPhases = (
				964A79F21F595145003F5A5E /* Sources */,
				964A79F31F595145003F5A5E /* Frameworks */,
				964A79F41F595145003F5A5E /* Resources */,
			);
			buildRules = (
			);
			dependencies = (
			);
			name = 3DModel;
			productName = arApp;
			productReference = 964A79F61F595145003F5A5E /* 3DModel.app */;
			productType = "com.apple.product-type.application";
		};
/* End PBXNativeTarget section */

/* Begin PBXProject section */
		964A79EE1F595145003F5A5E /* Project object */ = {
			isa = PBXProject;
			attributes = {
				LastSwiftUpdateCheck = 0900;
				LastUpgradeCheck = 0900;
				ORGANIZATIONNAME = com.esrij;
				TargetAttributes = {
					964A79F51F595145003F5A5E = {
						CreatedOnToolsVersion = 9.0;
					};
				};
			};
			buildConfigurationList = 964A79F11F595145003F5A5E /* Build configuration list for PBXProject "3DModel" */;
			compatibilityVersion = "Xcode 8.0";
			developmentRegion = en;
			hasScannedForEncodings = 0;
			knownRegions = (
				en,
				Base,
			);
			mainGroup = 964A79ED1F595145003F5A5E;
			productRefGroup = 964A79F71F595145003F5A5E /* Products */;
			projectDirPath = "";
			projectRoot = "";
			targets = (
				964A79F51F595145003F5A5E /* 3DModel */,
			);
		};
/* End PBXProject section */

/* Begin PBXResourcesBuildPhase section */
		964A79F41F595145003F5A5E /* Resources */ = {
			isa = PBXResourcesBuildPhase;
			buildActionMask = 2147483647;
			files = (
				96FE84D21F906DF100BB0087 /* ground_facade_simple01.png in Resources */,
				96FE84D31F906DF100BB0087 /* ground_facade_simple02.png in Resources */,
				96FE84D41F906DF100BB0087 /* ground_facade_simple03.png in Resources */,
				96FE84D51F906DF100BB0087 /* NameSign.png in Resources */,
				96FE84D61F906DF100BB0087 /* koike.png in Resources */,
				96FE84D71F906DF100BB0087 /* town.dae in Resources */,
				96FE84D81F906DF100BB0087 /* TokyoMetroLogo.png in Resources */,
				96FE84D91F906DF100BB0087 /* texture.jpg in Resources */,
				96FE84DA1F906DF100BB0087 /* facade_simple01.png in Resources */,
				96FE84DB1F906DF100BB0087 /* WC.png in Resources */,
				96FE84DC1F906DF100BB0087 /* facade_simple02.png in Resources */,
				96FE84DD1F906DF100BB0087 /* facade_simple03.png in Resources */,
				96FE84DE1F906DF100BB0087 /* facade_simple04.png in Resources */,
				96FE84CA1F906DEB00BB0087 /* BayLaurel_Foliage_Diffuse.png in Resources */,
				96FE84CB1F906DEB00BB0087 /* PalmParlour_Foliage_Diffuse.png in Resources */,
				96FE84CC1F906DEB00BB0087 /* PalmMexicanMature_Bark_Diffuse.jpg in Resources */,
				96FE84CD1F906DEB00BB0087 /* BayLaurel_Bark_Diffuse.jpg in Resources */,
				96FE84CE1F906DEB00BB0087 /* PalmLily_Bark_Diffuse.jpg in Resources */,
				96FE84CF1F906DEB00BB0087 /* PalmMexicanMature_Foliage_Diffuse.png in Resources */,
				96FE84D01F906DEB00BB0087 /* plant.dae in Resources */,
				96FE84D11F906DEB00BB0087 /* PalmLily_Foliage_Diffuse.png in Resources */,
				966A6CE01F8F6BEA006A521A /* building.dae in Resources */,
				966A6CE11F8F6BEA006A521A /* flatRoof_18.jpg in Resources */,
				966A6CE21F8F6BEA006A521A /* g_f001_t004_Educational_001.jpg in Resources */,
				966A6CE31F8F6BEA006A521A /* u_f042_t006_Residential_000.jpg in Resources */,
				964A7A061F595145003F5A5E /* LaunchScreen.storyboard in Resources */,
				964A7A031F595145003F5A5E /* Assets.xcassets in Resources */,
				964A7A011F595145003F5A5E /* Main.storyboard in Resources */,
			);
			runOnlyForDeploymentPostprocessing = 0;
		};
/* End PBXResourcesBuildPhase section */

/* Begin PBXSourcesBuildPhase section */
		964A79F21F595145003F5A5E /* Sources */ = {
			isa = PBXSourcesBuildPhase;
			buildActionMask = 2147483647;
			files = (
				964A79FE1F595145003F5A5E /* ViewController.swift in Sources */,
				964A79FA1F595145003F5A5E /* AppDelegate.swift in Sources */,
			);
			runOnlyForDeploymentPostprocessing = 0;
		};
/* End PBXSourcesBuildPhase section */

/* Begin PBXVariantGroup section */
		964A79FF1F595145003F5A5E /* Main.storyboard */ = {
			isa = PBXVariantGroup;
			children = (
				964A7A001F595145003F5A5E /* Base */,
			);
			name = Main.storyboard;
			sourceTree = "<group>";
		};
		964A7A041F595145003F5A5E /* LaunchScreen.storyboard */ = {
			isa = PBXVariantGroup;
			children = (
				964A7A051F595145003F5A5E /* Base */,
			);
			name = LaunchScreen.storyboard;
			sourceTree = "<group>";
		};
/* End PBXVariantGroup section */

/* Begin XCBuildConfiguration section */
		964A7A081F595145003F5A5E /* Debug */ = {
			isa = XCBuildConfiguration;
			buildSettings = {
				ALWAYS_SEARCH_USER_PATHS = NO;
				CLANG_ANALYZER_NONNULL = YES;
				CLANG_ANALYZER_NUMBER_OBJECT_CONVERSION = YES_AGGRESSIVE;
				CLANG_CXX_LANGUAGE_STANDARD = "gnu++14";
				CLANG_CXX_LIBRARY = "libc++";
				CLANG_ENABLE_MODULES = YES;
				CLANG_ENABLE_OBJC_ARC = YES;
				CLANG_WARN_BLOCK_CAPTURE_AUTORELEASING = YES;
				CLANG_WARN_BOOL_CONVERSION = YES;
				CLANG_WARN_COMMA = YES;
				CLANG_WARN_CONSTANT_CONVERSION = YES;
				CLANG_WARN_DIRECT_OBJC_ISA_USAGE = YES_ERROR;
				CLANG_WARN_DOCUMENTATION_COMMENTS = YES;
				CLANG_WARN_EMPTY_BODY = YES;
				CLANG_WARN_ENUM_CONVERSION = YES;
				CLANG_WARN_INFINITE_RECURSION = YES;
				CLANG_WARN_INT_CONVERSION = YES;
				CLANG_WARN_NON_LITERAL_NULL_CONVERSION = YES;
				CLANG_WARN_OBJC_LITERAL_CONVERSION = YES;
				CLANG_WARN_OBJC_ROOT_CLASS = YES_ERROR;
				CLANG_WARN_RANGE_LOOP_ANALYSIS = YES;
				CLANG_WARN_STRICT_PROTOTYPES = YES;
				CLANG_WARN_SUSPICIOUS_MOVE = YES;
				CLANG_WARN_UNGUARDED_AVAILABILITY = YES_AGGRESSIVE;
				CLANG_WARN_UNREACHABLE_CODE = YES;
				CLANG_WARN__DUPLICATE_METHOD_MATCH = YES;
				CODE_SIGN_IDENTITY = "iPhone Developer";
				COPY_PHASE_STRIP = NO;
				DEBUG_INFORMATION_FORMAT = dwarf;
				ENABLE_STRICT_OBJC_MSGSEND = YES;
				ENABLE_TESTABILITY = YES;
				GCC_C_LANGUAGE_STANDARD = gnu11;
				GCC_DYNAMIC_NO_PIC = NO;
				GCC_NO_COMMON_BLOCKS = YES;
				GCC_OPTIMIZATION_LEVEL = 0;
				GCC_PREPROCESSOR_DEFINITIONS = (
					"DEBUG=1",
					"$(inherited)",
				);
				GCC_WARN_64_TO_32_BIT_CONVERSION = YES;
				GCC_WARN_ABOUT_RETURN_TYPE = YES_ERROR;
				GCC_WARN_UNDECLARED_SELECTOR = YES;
				GCC_WARN_UNINITIALIZED_AUTOS = YES_AGGRESSIVE;
				GCC_WARN_UNUSED_FUNCTION = YES;
				GCC_WARN_UNUSED_VARIABLE = YES;
				IPHONEOS_DEPLOYMENT_TARGET = 11.0;
				MTL_ENABLE_DEBUG_INFO = YES;
				ONLY_ACTIVE_ARCH = YES;
				SDKROOT = iphoneos;
				SWIFT_ACTIVE_COMPILATION_CONDITIONS = DEBUG;
				SWIFT_OPTIMIZATION_LEVEL = "-Onone";
			};
			name = Debug;
		};
		964A7A091F595145003F5A5E /* Release */ = {
			isa = XCBuildConfiguration;
			buildSettings = {
				ALWAYS_SEARCH_USER_PATHS = NO;
				CLANG_ANALYZER_NONNULL = YES;
				CLANG_ANALYZER_NUMBER_OBJECT_CONVERSION = YES_AGGRESSIVE;
				CLANG_CXX_LANGUAGE_STANDARD = "gnu++14";
				CLANG_CXX_LIBRARY = "libc++";
				CLANG_ENABLE_MODULES = YES;
				CLANG_ENABLE_OBJC_ARC = YES;
				CLANG_WARN_BLOCK_CAPTURE_AUTORELEASING = YES;
				CLANG_WARN_BOOL_CONVERSION = YES;
				CLANG_WARN_COMMA = YES;
				CLANG_WARN_CONSTANT_CONVERSION = YES;
				CLANG_WARN_DIRECT_OBJC_ISA_USAGE = YES_ERROR;
				CLANG_WARN_DOCUMENTATION_COMMENTS = YES;
				CLANG_WARN_EMPTY_BODY = YES;
				CLANG_WARN_ENUM_CONVERSION = YES;
				CLANG_WARN_INFINITE_RECURSION = YES;
				CLANG_WARN_INT_CONVERSION = YES;
				CLANG_WARN_NON_LITERAL_NULL_CONVERSION = YES;
				CLANG_WARN_OBJC_LITERAL_CONVERSION = YES;
				CLANG_WARN_OBJC_ROOT_CLASS = YES_ERROR;
				CLANG_WARN_RANGE_LOOP_ANALYSIS = YES;
				CLANG_WARN_STRICT_PROTOTYPES = YES;
				CLANG_WARN_SUSPICIOUS_MOVE = YES;
				CLANG_WARN_UNGUARDED_AVAILABILITY = YES_AGGRESSIVE;
				CLANG_WARN_UNREACHABLE_CODE = YES;
				CLANG_WARN__DUPLICATE_METHOD_MATCH = YES;
				CODE_SIGN_IDENTITY = "iPhone Developer";
				COPY_PHASE_STRIP = NO;
				DEBUG_INFORMATION_FORMAT = "dwarf-with-dsym";
				ENABLE_NS_ASSERTIONS = NO;
				ENABLE_STRICT_OBJC_MSGSEND = YES;
				GCC_C_LANGUAGE_STANDARD = gnu11;
				GCC_NO_COMMON_BLOCKS = YES;
				GCC_WARN_64_TO_32_BIT_CONVERSION = YES;
				GCC_WARN_ABOUT_RETURN_TYPE = YES_ERROR;
				GCC_WARN_UNDECLARED_SELECTOR = YES;
				GCC_WARN_UNINITIALIZED_AUTOS = YES_AGGRESSIVE;
				GCC_WARN_UNUSED_FUNCTION = YES;
				GCC_WARN_UNUSED_VARIABLE = YES;
				IPHONEOS_DEPLOYMENT_TARGET = 11.0;
				MTL_ENABLE_DEBUG_INFO = NO;
				SDKROOT = iphoneos;
				SWIFT_OPTIMIZATION_LEVEL = "-Owholemodule";
				VALIDATE_PRODUCT = YES;
			};
			name = Release;
		};
		964A7A0B1F595145003F5A5E /* Debug */ = {
			isa = XCBuildConfiguration;
			buildSettings = {
				ASSETCATALOG_COMPILER_APPICON_NAME = AppIcon;
				DEVELOPMENT_TEAM = 8R3S2LHFP7;
				INFOPLIST_FILE = 3DModel/Info.plist;
				LD_RUNPATH_SEARCH_PATHS = "$(inherited) @executable_path/Frameworks";
				PRODUCT_BUNDLE_IDENTIFIER = com.esrij.3DModel;
				PRODUCT_NAME = "$(TARGET_NAME)";
				SWIFT_VERSION = 4.0;
				TARGETED_DEVICE_FAMILY = "1,2";
			};
			name = Debug;
		};
		964A7A0C1F595145003F5A5E /* Release */ = {
			isa = XCBuildConfiguration;
			buildSettings = {
				ASSETCATALOG_COMPILER_APPICON_NAME = AppIcon;
				DEVELOPMENT_TEAM = 8R3S2LHFP7;
				INFOPLIST_FILE = 3DModel/Info.plist;
				LD_RUNPATH_SEARCH_PATHS = "$(inherited) @executable_path/Frameworks";
				PRODUCT_BUNDLE_IDENTIFIER = com.esrij.3DModel;
				PRODUCT_NAME = "$(TARGET_NAME)";
				SWIFT_VERSION = 4.0;
				TARGETED_DEVICE_FAMILY = "1,2";
			};
			name = Release;
		};
/* End XCBuildConfiguration section */

/* Begin XCConfigurationList section */
		964A79F11F595145003F5A5E /* Build configuration list for PBXProject "3DModel" */ = {
			isa = XCConfigurationList;
			buildConfigurations = (
				964A7A081F595145003F5A5E /* Debug */,
				964A7A091F595145003F5A5E /* Release */,
			);
			defaultConfigurationIsVisible = 0;
			defaultConfigurationName = Release;
		};
		964A7A0A1F595145003F5A5E /* Build configuration list for PBXNativeTarget "3DModel" */ = {
			isa = XCConfigurationList;
			buildConfigurations = (
				964A7A0B1F595145003F5A5E /* Debug */,
				964A7A0C1F595145003F5A5E /* Release */,
			);
			defaultConfigurationIsVisible = 0;
			defaultConfigurationName = Release;
		};
/* End XCConfigurationList section */
	};
	rootObject = 964A79EE1F595145003F5A5E /* Project object */;
}
